// !$*UTF8*$!
{
	archiveVersion = 1;
	classes = {
	};
	objectVersion = 46;
	objects = {

/* Begin PBXBuildFile section */
		D62941EE1C03468600559320 /* main.m in Sources */ = {isa = PBXBuildFile; fileRef = D62941ED1C03468600559320 /* main.m */; };
		D62941F11C03468600559320 /* AppDelegate.m in Sources */ = {isa = PBXBuildFile; fileRef = D62941F01C03468600559320 /* AppDelegate.m */; };
		D62941F41C03468600559320 /* MesActivites.xcdatamodeld in Sources */ = {isa = PBXBuildFile; fileRef = D62941F21C03468600559320 /* MesActivites.xcdatamodeld */; };
		D62941F71C03468600559320 /* ViewController.m in Sources */ = {isa = PBXBuildFile; fileRef = D62941F61C03468600559320 /* ViewController.m */; };
		D62941FA1C03468600559320 /* Main.storyboard in Resources */ = {isa = PBXBuildFile; fileRef = D62941F81C03468600559320 /* Main.storyboard */; };
		D62941FC1C03468600559320 /* Images.xcassets in Resources */ = {isa = PBXBuildFile; fileRef = D62941FB1C03468600559320 /* Images.xcassets */; };
		D62941FF1C03468600559320 /* LaunchScreen.xib in Resources */ = {isa = PBXBuildFile; fileRef = D62941FD1C03468600559320 /* LaunchScreen.xib */; };
		D629420B1C03468600559320 /* MesActivitesTests.m in Sources */ = {isa = PBXBuildFile; fileRef = D629420A1C03468600559320 /* MesActivitesTests.m */; };
		D62942191C034A2000559320 /* ActivityViewController.m in Sources */ = {isa = PBXBuildFile; fileRef = D62942181C034A2000559320 /* ActivityViewController.m */; };
		D629421C1C034E0C00559320 /* DetailViewController.m in Sources */ = {isa = PBXBuildFile; fileRef = D629421B1C034E0C00559320 /* DetailViewController.m */; };
/* End PBXBuildFile section */

/* Begin PBXContainerItemProxy section */
		D62942051C03468600559320 /* PBXContainerItemProxy */ = {
			isa = PBXContainerItemProxy;
			containerPortal = D62941E01C03468600559320 /* Project object */;
			proxyType = 1;
			remoteGlobalIDString = D62941E71C03468600559320;
			remoteInfo = MesActivites;
		};
/* End PBXContainerItemProxy section */

/* Begin PBXFileReference section */
		D62941E81C03468600559320 /* MesActivites.app */ = {isa = PBXFileReference; explicitFileType = wrapper.application; includeInIndex = 0; path = MesActivites.app; sourceTree = BUILT_PRODUCTS_DIR; };
		D62941EC1C03468600559320 /* Info.plist */ = {isa = PBXFileReference; lastKnownFileType = text.plist.xml; path = Info.plist; sourceTree = "<group>"; };
		D62941ED1C03468600559320 /* main.m */ = {isa = PBXFileReference; lastKnownFileType = sourcecode.c.objc; path = main.m; sourceTree = "<group>"; };
		D62941EF1C03468600559320 /* AppDelegate.h */ = {isa = PBXFileReference; lastKnownFileType = sourcecode.c.h; path = AppDelegate.h; sourceTree = "<group>"; };
		D62941F01C03468600559320 /* AppDelegate.m */ = {isa = PBXFileReference; lastKnownFileType = sourcecode.c.objc; path = AppDelegate.m; sourceTree = "<group>"; };
		D62941F31C03468600559320 /* MesActivites.xcdatamodel */ = {isa = PBXFileReference; lastKnownFileType = wrapper.xcdatamodel; path = MesActivites.xcdatamodel; sourceTree = "<group>"; };
		D62941F51C03468600559320 /* ViewController.h */ = {isa = PBXFileReference; lastKnownFileType = sourcecode.c.h; path = ViewController.h; sourceTree = "<group>"; };
		D62941F61C03468600559320 /* ViewController.m */ = {isa = PBXFileReference; lastKnownFileType = sourcecode.c.objc; path = ViewController.m; sourceTree = "<group>"; };
		D62941F91C03468600559320 /* Base */ = {isa = PBXFileReference; lastKnownFileType = file.storyboard; name = Base; path = Base.lproj/Main.storyboard; sourceTree = "<group>"; };
		D62941FB1C03468600559320 /* Images.xcassets */ = {isa = PBXFileReference; lastKnownFileType = folder.assetcatalog; path = Images.xcassets; sourceTree = "<group>"; };
		D62941FE1C03468600559320 /* Base */ = {isa = PBXFileReference; lastKnownFileType = file.xib; name = Base; path = Base.lproj/LaunchScreen.xib; sourceTree = "<group>"; };
		D62942041C03468600559320 /* MesActivitesTests.xctest */ = {isa = PBXFileReference; explicitFileType = wrapper.cfbundle; includeInIndex = 0; path = MesActivitesTests.xctest; sourceTree = BUILT_PRODUCTS_DIR; };
		D62942091C03468600559320 /* Info.plist */ = {isa = PBXFileReference; lastKnownFileType = text.plist.xml; path = Info.plist; sourceTree = "<group>"; };
		D629420A1C03468600559320 /* MesActivitesTests.m */ = {isa = PBXFileReference; lastKnownFileType = sourcecode.c.objc; path = MesActivitesTests.m; sourceTree = "<group>"; };
		D62942171C03499100559320 /* ActivityViewController.h */ = {isa = PBXFileReference; fileEncoding = 4; lastKnownFileType = sourcecode.c.h; path = ActivityViewController.h; sourceTree = "<group>"; };
		D62942181C034A2000559320 /* ActivityViewController.m */ = {isa = PBXFileReference; fileEncoding = 4; lastKnownFileType = sourcecode.c.objc; path = ActivityViewController.m; sourceTree = "<group>"; };
		D629421A1C034DBF00559320 /* DetailViewController.h */ = {isa = PBXFileReference; fileEncoding = 4; lastKnownFileType = sourcecode.c.h; path = DetailViewController.h; sourceTree = "<group>"; };
		D629421B1C034E0C00559320 /* DetailViewController.m */ = {isa = PBXFileReference; fileEncoding = 4; lastKnownFileType = sourcecode.c.objc; path = DetailViewController.m; sourceTree = "<group>"; };
/* End PBXFileReference section */

/* Begin PBXFrameworksBuildPhase section */
		D62941E51C03468600559320 /* Frameworks */ = {
			isa = PBXFrameworksBuildPhase;
			buildActionMask = 2147483647;
			files = (
			);
			runOnlyForDeploymentPostprocessing = 0;
		};
		D62942011C03468600559320 /* Frameworks */ = {
			isa = PBXFrameworksBuildPhase;
			buildActionMask = 2147483647;
			files = (
			);
			runOnlyForDeploymentPostprocessing = 0;
		};
/* End PBXFrameworksBuildPhase section */

/* Begin PBXGroup section */
		D62941DF1C03468600559320 = {
			isa = PBXGroup;
			children = (
				D62941EA1C03468600559320 /* MesActivites */,
				D62942071C03468600559320 /* MesActivitesTests */,
				D62941E91C03468600559320 /* Products */,
			);
			sourceTree = "<group>";
		};
		D62941E91C03468600559320 /* Products */ = {
			isa = PBXGroup;
			children = (
				D62941E81C03468600559320 /* MesActivites.app */,
				D62942041C03468600559320 /* MesActivitesTests.xctest */,
			);
			name = Products;
			sourceTree = "<group>";
		};
		D62941EA1C03468600559320 /* MesActivites */ = {
			isa = PBXGroup;
			children = (
				D62941EF1C03468600559320 /* AppDelegate.h */,
				D62941F01C03468600559320 /* AppDelegate.m */,
				D62941F51C03468600559320 /* ViewController.h */,
				D62941F61C03468600559320 /* ViewController.m */,
				D62941F81C03468600559320 /* Main.storyboard */,
				D62941FB1C03468600559320 /* Images.xcassets */,
				D62941FD1C03468600559320 /* LaunchScreen.xib */,
				D62941F21C03468600559320 /* MesActivites.xcdatamodeld */,
				D62941EB1C03468600559320 /* Supporting Files */,
				D62942171C03499100559320 /* ActivityViewController.h */,
				D62942181C034A2000559320 /* ActivityViewController.m */,
				D629421A1C034DBF00559320 /* DetailViewController.h */,
				D629421B1C034E0C00559320 /* DetailViewController.m */,
			);
			path = MesActivites;
			sourceTree = "<group>";
		};
		D62941EB1C03468600559320 /* Supporting Files */ = {
			isa = PBXGroup;
			children = (
				D62941EC1C03468600559320 /* Info.plist */,
				D62941ED1C03468600559320 /* main.m */,
			);
			name = "Supporting Files";
			sourceTree = "<group>";
		};
		D62942071C03468600559320 /* MesActivitesTests */ = {
			isa = PBXGroup;
			children = (
				D629420A1C03468600559320 /* MesActivitesTests.m */,
				D62942081C03468600559320 /* Supporting Files */,
			);
			path = MesActivitesTests;
			sourceTree = "<group>";
		};
		D62942081C03468600559320 /* Supporting Files */ = {
			isa = PBXGroup;
			children = (
				D62942091C03468600559320 /* Info.plist */,
			);
			name = "Supporting Files";
			sourceTree = "<group>";
		};
/* End PBXGroup section */

/* Begin PBXNativeTarget section */
		D62941E71C03468600559320 /* MesActivites */ = {
			isa = PBXNativeTarget;
			buildConfigurationList = D629420E1C03468600559320 /* Build configuration list for PBXNativeTarget "MesActivites" */;
			buildPhases = (
				D62941E41C03468600559320 /* Sources */,
				D62941E51C03468600559320 /* Frameworks */,
				D62941E61C03468600559320 /* Resources */,
			);
			buildRules = (
			);
			dependencies = (
			);
			name = MesActivites;
			productName = MesActivites;
			productReference = D62941E81C03468600559320 /* MesActivites.app */;
			productType = "com.apple.product-type.application";
		};
		D62942031C03468600559320 /* MesActivitesTests */ = {
			isa = PBXNativeTarget;
			buildConfigurationList = D62942111C03468600559320 /* Build configuration list for PBXNativeTarget "MesActivitesTests" */;
			buildPhases = (
				D62942001C03468600559320 /* Sources */,
				D62942011C03468600559320 /* Frameworks */,
				D62942021C03468600559320 /* Resources */,
			);
			buildRules = (
			);
			dependencies = (
				D62942061C03468600559320 /* PBXTargetDependency */,
			);
			name = MesActivitesTests;
			productName = MesActivitesTests;
			productReference = D62942041C03468600559320 /* MesActivitesTests.xctest */;
			productType = "com.apple.product-type.bundle.unit-test";
		};
/* End PBXNativeTarget section */

/* Begin PBXProject section */
		D62941E01C03468600559320 /* Project object */ = {
			isa = PBXProject;
			attributes = {
				LastUpgradeCheck = 0640;
				ORGANIZATIONNAME = m2sar;
				TargetAttributes = {
					D62941E71C03468600559320 = {
						CreatedOnToolsVersion = 6.4;
					};
					D62942031C03468600559320 = {
						CreatedOnToolsVersion = 6.4;
						TestTargetID = D62941E71C03468600559320;
					};
				};
			};
			buildConfigurationList = D62941E31C03468600559320 /* Build configuration list for PBXProject "MesActivites" */;
			compatibilityVersion = "Xcode 3.2";
			developmentRegion = English;
			hasScannedForEncodings = 0;
			knownRegions = (
				en,
				Base,
			);
			mainGroup = D62941DF1C03468600559320;
			productRefGroup = D62941E91C03468600559320 /* Products */;
			projectDirPath = "";
			projectRoot = "";
			targets = (
				D62941E71C03468600559320 /* MesActivites */,
				D62942031C03468600559320 /* MesActivitesTests */,
			);
		};
/* End PBXProject section */

/* Begin PBXResourcesBuildPhase section */
		D62941E61C03468600559320 /* Resources */ = {
			isa = PBXResourcesBuildPhase;
			buildActionMask = 2147483647;
			files = (
				D62941FA1C03468600559320 /* Main.storyboard in Resources */,
				D62941FF1C03468600559320 /* LaunchScreen.xib in Resources */,
				D62941FC1C03468600559320 /* Images.xcassets in Resources */,
			);
			runOnlyForDeploymentPostprocessing = 0;
		};
		D62942021C03468600559320 /* Resources */ = {
			isa = PBXResourcesBuildPhase;
			buildActionMask = 2147483647;
			files = (
			);
			runOnlyForDeploymentPostprocessing = 0;
		};
/* End PBXResourcesBuildPhase section */

/* Begin PBXSourcesBuildPhase section */
		D62941E41C03468600559320 /* Sources */ = {
			isa = PBXSourcesBuildPhase;
			buildActionMask = 2147483647;
			files = (
				D62941F41C03468600559320 /* MesActivites.xcdatamodeld in Sources */,
				D62941F11C03468600559320 /* AppDelegate.m in Sources */,
				D62941F71C03468600559320 /* ViewController.m in Sources */,
				D62941EE1C03468600559320 /* main.m in Sources */,
				D629421C1C034E0C00559320 /* DetailViewController.m in Sources */,
				D62942191C034A2000559320 /* ActivityViewController.m in Sources */,
			);
			runOnlyForDeploymentPostprocessing = 0;
		};
		D62942001C03468600559320 /* Sources */ = {
			isa = PBXSourcesBuildPhase;
			buildActionMask = 2147483647;
			files = (
				D629420B1C03468600559320 /* MesActivitesTests.m in Sources */,
			);
			runOnlyForDeploymentPostprocessing = 0;
		};
/* End PBXSourcesBuildPhase section */

/* Begin PBXTargetDependency section */
		D62942061C03468600559320 /* PBXTargetDependency */ = {
			isa = PBXTargetDependency;
			target = D62941E71C03468600559320 /* MesActivites */;
			targetProxy = D62942051C03468600559320 /* PBXContainerItemProxy */;
		};
/* End PBXTargetDependency section */

/* Begin PBXVariantGroup section */
		D62941F81C03468600559320 /* Main.storyboard */ = {
			isa = PBXVariantGroup;
			children = (
				D62941F91C03468600559320 /* Base */,
			);
			name = Main.storyboard;
			sourceTree = "<group>";
		};
		D62941FD1C03468600559320 /* LaunchScreen.xib */ = {
			isa = PBXVariantGroup;
			children = (
				D62941FE1C03468600559320 /* Base */,
			);
			name = LaunchScreen.xib;
			sourceTree = "<group>";
		};
/* End PBXVariantGroup section */

/* Begin XCBuildConfiguration section */
		D629420C1C03468600559320 /* Debug */ = {
			isa = XCBuildConfiguration;
			buildSettings = {
				ALWAYS_SEARCH_USER_PATHS = NO;
				CLANG_CXX_LANGUAGE_STANDARD = "gnu++0x";
				CLANG_CXX_LIBRARY = "libc++";
				CLANG_ENABLE_MODULES = YES;
				CLANG_ENABLE_OBJC_ARC = YES;
				CLANG_WARN_BOOL_CONVERSION = YES;
				CLANG_WARN_CONSTANT_CONVERSION = YES;
				CLANG_WARN_DIRECT_OBJC_ISA_USAGE = YES_ERROR;
				CLANG_WARN_EMPTY_BODY = YES;
				CLANG_WARN_ENUM_CONVERSION = YES;
				CLANG_WARN_INT_CONVERSION = YES;
				CLANG_WARN_OBJC_ROOT_CLASS = YES_ERROR;
				CLANG_WARN_UNREACHABLE_CODE = YES;
				CLANG_WARN__DUPLICATE_METHOD_MATCH = YES;
				"CODE_SIGN_IDENTITY[sdk=iphoneos*]" = "iPhone Developer";
				COPY_PHASE_STRIP = NO;
				DEBUG_INFORMATION_FORMAT = "dwarf-with-dsym";
				ENABLE_STRICT_OBJC_MSGSEND = YES;
				GCC_C_LANGUAGE_STANDARD = gnu99;
				GCC_DYNAMIC_NO_PIC = NO;
				GCC_NO_COMMON_BLOCKS = YES;
				GCC_OPTIMIZATION_LEVEL = 0;
				GCC_PREPROCESSOR_DEFINITIONS = (
					"DEBUG=1",
					"$(inherited)",
				);
				GCC_SYMBOLS_PRIVATE_EXTERN = NO;
				GCC_WARN_64_TO_32_BIT_CONVERSION = YES;
				GCC_WARN_ABOUT_RETURN_TYPE = YES_ERROR;
				GCC_WARN_UNDECLARED_SELECTOR = YES;
				GCC_WARN_UNINITIALIZED_AUTOS = YES_AGGRESSIVE;
				GCC_WARN_UNUSED_FUNCTION = YES;
				GCC_WARN_UNUSED_VARIABLE = YES;
				IPHONEOS_DEPLOYMENT_TARGET = 8.4;
				MTL_ENABLE_DEBUG_INFO = YES;
				ONLY_ACTIVE_ARCH = YES;
				SDKROOT = iphoneos;
				TARGETED_DEVICE_FAMILY = "1,2";
			};
			name = Debug;
		};
		D629420D1C03468600559320 /* Release */ = {
			isa = XCBuildConfiguration;
			buildSettings = {
				ALWAYS_SEARCH_USER_PATHS = NO;
				CLANG_CXX_LANGUAGE_STANDARD = "gnu++0x";
				CLANG_CXX_LIBRARY = "libc++";
				CLANG_ENABLE_MODULES = YES;
				CLANG_ENABLE_OBJC_ARC = YES;
				CLANG_WARN_BOOL_CONVERSION = YES;
				CLANG_WARN_CONSTANT_CONVERSION = YES;
				CLANG_WARN_DIRECT_OBJC_ISA_USAGE = YES_ERROR;
				CLANG_WARN_EMPTY_BODY = YES;
				CLANG_WARN_ENUM_CONVERSION = YES;
				CLANG_WARN_INT_CONVERSION = YES;
				CLANG_WARN_OBJC_ROOT_CLASS = YES_ERROR;
				CLANG_WARN_UNREACHABLE_CODE = YES;
				CLANG_WARN__DUPLICATE_METHOD_MATCH = YES;
				"CODE_SIGN_IDENTITY[sdk=iphoneos*]" = "iPhone Developer";
				COPY_PHASE_STRIP = NO;
				DEBUG_INFORMATION_FORMAT = "dwarf-with-dsym";
				ENABLE_NS_ASSERTIONS = NO;
				ENABLE_STRICT_OBJC_MSGSEND = YES;
				GCC_C_LANGUAGE_STANDARD = gnu99;
				GCC_NO_COMMON_BLOCKS = YES;
				GCC_WARN_64_TO_32_BIT_CONVERSION = YES;
				GCC_WARN_ABOUT_RETURN_TYPE = YES_ERROR;
				GCC_WARN_UNDECLARED_SELECTOR = YES;
				GCC_WARN_UNINITIALIZED_AUTOS = YES_AGGRESSIVE;
				GCC_WARN_UNUSED_FUNCTION = YES;
				GCC_WARN_UNUSED_VARIABLE = YES;
				IPHONEOS_DEPLOYMENT_TARGET = 8.4;
				MTL_ENABLE_DEBUG_INFO = NO;
				SDKROOT = iphoneos;
				TARGETED_DEVICE_FAMILY = "1,2";
				VALIDATE_PRODUCT = YES;
			};
			name = Release;
		};
		D629420F1C03468600559320 /* Debug */ = {
			isa = XCBuildConfiguration;
			buildSettings = {
				ASSETCATALOG_COMPILER_APPICON_NAME = AppIcon;
				CLANG_ENABLE_OBJC_ARC = NO;
				INFOPLIST_FILE = MesActivites/Info.plist;
				LD_RUNPATH_SEARCH_PATHS = "$(inherited) @executable_path/Frameworks";
				PRODUCT_NAME = "$(TARGET_NAME)";
			};
			name = Debug;
		};
		D62942101C03468600559320 /* Release */ = {
			isa = XCBuildConfiguration;
			buildSettings = {
				ASSETCATALOG_COMPILER_APPICON_NAME = AppIcon;
				CLANG_ENABLE_OBJC_ARC = NO;
				INFOPLIST_FILE = MesActivites/Info.plist;
				LD_RUNPATH_SEARCH_PATHS = "$(inherited) @executable_path/Frameworks";
				PRODUCT_NAME = "$(TARGET_NAME)";
			};
			name = Release;
		};
		D62942121C03468600559320 /* Debug */ = {
			isa = XCBuildConfiguration;
			buildSettings = {
				BUNDLE_LOADER = "$(TEST_HOST)";
				FRAMEWORK_SEARCH_PATHS = (
					"$(SDKROOT)/Developer/Library/Frameworks",
					"$(inherited)",
				);
				GCC_PREPROCESSOR_DEFINITIONS = (
					"DEBUG=1",
					"$(inherited)",
				);
				INFOPLIST_FILE = MesActivitesTests/Info.plist;
				LD_RUNPATH_SEARCH_PATHS = "$(inherited) @executable_path/Frameworks @loader_path/Frameworks";
				PRODUCT_NAME = "$(TARGET_NAME)";
				TEST_HOST = "$(BUILT_PRODUCTS_DIR)/MesActivites.app/MesActivites";
			};
			name = Debug;
		};
		D62942131C03468600559320 /* Release */ = {
			isa = XCBuildConfiguration;
			buildSettings = {
				BUNDLE_LOADER = "$(TEST_HOST)";
				FRAMEWORK_SEARCH_PATHS = (
					"$(SDKROOT)/Developer/Library/Frameworks",
					"$(inherited)",
				);
				INFOPLIST_FILE = MesActivitesTests/Info.plist;
				LD_RUNPATH_SEARCH_PATHS = "$(inherited) @executable_path/Frameworks @loader_path/Frameworks";
				PRODUCT_NAME = "$(TARGET_NAME)";
				TEST_HOST = "$(BUILT_PRODUCTS_DIR)/MesActivites.app/MesActivites";
			};
			name = Release;
		};
/* End XCBuildConfiguration section */

/* Begin XCConfigurationList section */
		D62941E31C03468600559320 /* Build configuration list for PBXProject "MesActivites" */ = {
			isa = XCConfigurationList;
			buildConfigurations = (
				D629420C1C03468600559320 /* Debug */,
				D629420D1C03468600559320 /* Release */,
			);
			defaultConfigurationIsVisible = 0;
			defaultConfigurationName = Release;
		};
		D629420E1C03468600559320 /* Build configuration list for PBXNativeTarget "MesActivites" */ = {
			isa = XCConfigurationList;
			buildConfigurations = (
				D629420F1C03468600559320 /* Debug */,
				D62942101C03468600559320 /* Release */,
			);
			defaultConfigurationIsVisible = 0;
		};
		D62942111C03468600559320 /* Build configuration list for PBXNativeTarget "MesActivitesTests" */ = {
			isa = XCConfigurationList;
			buildConfigurations = (
				D62942121C03468600559320 /* Debug */,
				D62942131C03468600559320 /* Release */,
			);
			defaultConfigurationIsVisible = 0;
		};
/* End XCConfigurationList section */

/* Begin XCVersionGroup section */
		D62941F21C03468600559320 /* MesActivites.xcdatamodeld */ = {
			isa = XCVersionGroup;
			children = (
				D62941F31C03468600559320 /* MesActivites.xcdatamodel */,
			);
			currentVersion = D62941F31C03468600559320 /* MesActivites.xcdatamodel */;
			path = MesActivites.xcdatamodeld;
			sourceTree = "<group>";
			versionGroupType = wrapper.xcdatamodel;
		};
/* End XCVersionGroup section */
	};
	rootObject = D62941E01C03468600559320 /* Project object */;
}
